// !$*UTF8*$!
{
	archiveVersion = 1;
	classes = {
	};
	objectVersion = 50;
	objects = {

/* Begin PBXBuildFile section */
		17879A6A214884D300B19A84 /* AppDelegate.swift in Sources */ = {isa = PBXBuildFile; fileRef = 17879A69214884D300B19A84 /* AppDelegate.swift */; };
		17879A6C214884D300B19A84 /* ViewController.swift in Sources */ = {isa = PBXBuildFile; fileRef = 17879A6B214884D300B19A84 /* ViewController.swift */; };
		17879A6F214884D300B19A84 /* Main.storyboard in Resources */ = {isa = PBXBuildFile; fileRef = 17879A6D214884D300B19A84 /* Main.storyboard */; };
		17879A71214884D500B19A84 /* Assets.xcassets in Resources */ = {isa = PBXBuildFile; fileRef = 17879A70214884D500B19A84 /* Assets.xcassets */; };
		17879A74214884D500B19A84 /* LaunchScreen.storyboard in Resources */ = {isa = PBXBuildFile; fileRef = 17879A72214884D500B19A84 /* LaunchScreen.storyboard */; };
		17E1A412214AE56F004E1173 /* CurrentWeatherDataModel.swift in Sources */ = {isa = PBXBuildFile; fileRef = 17E1A411214AE56F004E1173 /* CurrentWeatherDataModel.swift */; };
		17E738522182B1090088FE07 /* ForecastDataModel.swift in Sources */ = {isa = PBXBuildFile; fileRef = 17E738512182B1090088FE07 /* ForecastDataModel.swift */; };
		FA76AB30BC332FF0485F0143 /* Pods_rainyshinycloudyapp.framework in Frameworks */ = {isa = PBXBuildFile; fileRef = 1533488EA22CA9B80CF8FC31 /* Pods_rainyshinycloudyapp.framework */; };
/* End PBXBuildFile section */

/* Begin PBXFileReference section */
		11F20881B0E9E62B8C40FF8F /* Pods-rainyshinycloudyapp.debug.xcconfig */ = {isa = PBXFileReference; includeInIndex = 1; lastKnownFileType = text.xcconfig; name = "Pods-rainyshinycloudyapp.debug.xcconfig"; path = "Pods/Target Support Files/Pods-rainyshinycloudyapp/Pods-rainyshinycloudyapp.debug.xcconfig"; sourceTree = "<group>"; };
		1533488EA22CA9B80CF8FC31 /* Pods_rainyshinycloudyapp.framework */ = {isa = PBXFileReference; explicitFileType = wrapper.framework; includeInIndex = 0; path = Pods_rainyshinycloudyapp.framework; sourceTree = BUILT_PRODUCTS_DIR; };
		17879A66214884D300B19A84 /* rainyshinycloudyapp.app */ = {isa = PBXFileReference; explicitFileType = wrapper.application; includeInIndex = 0; path = rainyshinycloudyapp.app; sourceTree = BUILT_PRODUCTS_DIR; };
		17879A69214884D300B19A84 /* AppDelegate.swift */ = {isa = PBXFileReference; lastKnownFileType = sourcecode.swift; path = AppDelegate.swift; sourceTree = "<group>"; };
		17879A6B214884D300B19A84 /* ViewController.swift */ = {isa = PBXFileReference; lastKnownFileType = sourcecode.swift; path = ViewController.swift; sourceTree = "<group>"; };
		17879A6E214884D300B19A84 /* Base */ = {isa = PBXFileReference; lastKnownFileType = file.storyboard; name = Base; path = Base.lproj/Main.storyboard; sourceTree = "<group>"; };
		17879A70214884D500B19A84 /* Assets.xcassets */ = {isa = PBXFileReference; lastKnownFileType = folder.assetcatalog; path = Assets.xcassets; sourceTree = "<group>"; };
		17879A73214884D500B19A84 /* Base */ = {isa = PBXFileReference; lastKnownFileType = file.storyboard; name = Base; path = Base.lproj/LaunchScreen.storyboard; sourceTree = "<group>"; };
		17879A75214884D500B19A84 /* Info.plist */ = {isa = PBXFileReference; lastKnownFileType = text.plist.xml; path = Info.plist; sourceTree = "<group>"; };
		17E1A411214AE56F004E1173 /* CurrentWeatherDataModel.swift */ = {isa = PBXFileReference; lastKnownFileType = sourcecode.swift; path = CurrentWeatherDataModel.swift; sourceTree = "<group>"; };
		17E738512182B1090088FE07 /* ForecastDataModel.swift */ = {isa = PBXFileReference; lastKnownFileType = sourcecode.swift; path = ForecastDataModel.swift; sourceTree = "<group>"; };
		D7B4CC2FBEC13C78C80614FE /* Pods-rainyshinycloudyapp.release.xcconfig */ = {isa = PBXFileReference; includeInIndex = 1; lastKnownFileType = text.xcconfig; name = "Pods-rainyshinycloudyapp.release.xcconfig"; path = "Pods/Target Support Files/Pods-rainyshinycloudyapp/Pods-rainyshinycloudyapp.release.xcconfig"; sourceTree = "<group>"; };
/* End PBXFileReference section */

/* Begin PBXFrameworksBuildPhase section */
		17879A63214884D300B19A84 /* Frameworks */ = {
			isa = PBXFrameworksBuildPhase;
			buildActionMask = 2147483647;
			files = (
				FA76AB30BC332FF0485F0143 /* Pods_rainyshinycloudyapp.framework in Frameworks */,
			);
			runOnlyForDeploymentPostprocessing = 0;
		};
/* End PBXFrameworksBuildPhase section */

/* Begin PBXGroup section */
		17879A5D214884D300B19A84 = {
			isa = PBXGroup;
			children = (
				17879A68214884D300B19A84 /* rainyshinycloudyapp */,
				17879A67214884D300B19A84 /* Products */,
				EE5E2124096F0BA7684AC0F6 /* Pods */,
				C22CEFE1B83222D1C9A0C34A /* Frameworks */,
			);
			sourceTree = "<group>";
		};
		17879A67214884D300B19A84 /* Products */ = {
			isa = PBXGroup;
			children = (
				17879A66214884D300B19A84 /* rainyshinycloudyapp.app */,
			);
			name = Products;
			sourceTree = "<group>";
		};
		17879A68214884D300B19A84 /* rainyshinycloudyapp */ = {
			isa = PBXGroup;
			children = (
				17879A7B21488EF700B19A84 /* Model */,
				17879A7C21488F0600B19A84 /* Controller */,
				17879A7D21488F1500B19A84 /* View */,
				17879A7E21488F3D00B19A84 /* Supporting Files */,
				17879A75214884D500B19A84 /* Info.plist */,
			);
			path = rainyshinycloudyapp;
			sourceTree = "<group>";
		};
		17879A7B21488EF700B19A84 /* Model */ = {
			isa = PBXGroup;
			children = (
				17E1A411214AE56F004E1173 /* CurrentWeatherDataModel.swift */,
				17E738512182B1090088FE07 /* ForecastDataModel.swift */,
			);
			path = Model;
			sourceTree = "<group>";
		};
		17879A7C21488F0600B19A84 /* Controller */ = {
			isa = PBXGroup;
			children = (
				17879A69214884D300B19A84 /* AppDelegate.swift */,
				17879A6B214884D300B19A84 /* ViewController.swift */,
			);
			path = Controller;
			sourceTree = "<group>";
		};
		17879A7D21488F1500B19A84 /* View */ = {
			isa = PBXGroup;
			children = (
				17879A6D214884D300B19A84 /* Main.storyboard */,
				17879A70214884D500B19A84 /* Assets.xcassets */,
			);
			path = View;
			sourceTree = "<group>";
		};
		17879A7E21488F3D00B19A84 /* Supporting Files */ = {
			isa = PBXGroup;
			children = (
				17879A72214884D500B19A84 /* LaunchScreen.storyboard */,
			);
			path = "Supporting Files";
			sourceTree = "<group>";
		};
		C22CEFE1B83222D1C9A0C34A /* Frameworks */ = {
			isa = PBXGroup;
			children = (
				1533488EA22CA9B80CF8FC31 /* Pods_rainyshinycloudyapp.framework */,
			);
			name = Frameworks;
			sourceTree = "<group>";
		};
		EE5E2124096F0BA7684AC0F6 /* Pods */ = {
			isa = PBXGroup;
			children = (
				11F20881B0E9E62B8C40FF8F /* Pods-rainyshinycloudyapp.debug.xcconfig */,
				D7B4CC2FBEC13C78C80614FE /* Pods-rainyshinycloudyapp.release.xcconfig */,
			);
			name = Pods;
			sourceTree = "<group>";
		};
/* End PBXGroup section */

/* Begin PBXNativeTarget section */
		17879A65214884D300B19A84 /* rainyshinycloudyapp */ = {
			isa = PBXNativeTarget;
			buildConfigurationList = 17879A78214884D500B19A84 /* Build configuration list for PBXNativeTarget "rainyshinycloudyapp" */;
			buildPhases = (
				1BC64C49FD7E0AB6E4670316 /* [CP] Check Pods Manifest.lock */,
				17879A62214884D300B19A84 /* Sources */,
				17879A63214884D300B19A84 /* Frameworks */,
				17879A64214884D300B19A84 /* Resources */,
				8227217EB2731D66DCCB706C /* [CP] Embed Pods Frameworks */,
			);
			buildRules = (
			);
			dependencies = (
			);
			name = rainyshinycloudyapp;
			productName = rainyshinycloudyapp;
			productReference = 17879A66214884D300B19A84 /* rainyshinycloudyapp.app */;
			productType = "com.apple.product-type.application";
		};
/* End PBXNativeTarget section */

/* Begin PBXProject section */
		17879A5E214884D300B19A84 /* Project object */ = {
			isa = PBXProject;
			attributes = {
				LastSwiftUpdateCheck = 0940;
				LastUpgradeCheck = 0940;
				ORGANIZATIONNAME = "Jinisha Savani";
				TargetAttributes = {
					17879A65214884D300B19A84 = {
						CreatedOnToolsVersion = 9.4.1;
					};
				};
			};
			buildConfigurationList = 17879A61214884D300B19A84 /* Build configuration list for PBXProject "rainyshinycloudyapp" */;
			compatibilityVersion = "Xcode 9.3";
			developmentRegion = en;
			hasScannedForEncodings = 0;
			knownRegions = (
				en,
				Base,
			);
			mainGroup = 17879A5D214884D300B19A84;
			productRefGroup = 17879A67214884D300B19A84 /* Products */;
			projectDirPath = "";
			projectRoot = "";
			targets = (
				17879A65214884D300B19A84 /* rainyshinycloudyapp */,
			);
		};
/* End PBXProject section */

/* Begin PBXResourcesBuildPhase section */
		17879A64214884D300B19A84 /* Resources */ = {
			isa = PBXResourcesBuildPhase;
			buildActionMask = 2147483647;
			files = (
				17879A74214884D500B19A84 /* LaunchScreen.storyboard in Resources */,
				17879A71214884D500B19A84 /* Assets.xcassets in Resources */,
				17879A6F214884D300B19A84 /* Main.storyboard in Resources */,
			);
			runOnlyForDeploymentPostprocessing = 0;
		};
/* End PBXResourcesBuildPhase section */

/* Begin PBXShellScriptBuildPhase section */
		1BC64C49FD7E0AB6E4670316 /* [CP] Check Pods Manifest.lock */ = {
			isa = PBXShellScriptBuildPhase;
			buildActionMask = 2147483647;
			files = (
			);
			inputPaths = (
				"${PODS_PODFILE_DIR_PATH}/Podfile.lock",
				"${PODS_ROOT}/Manifest.lock",
			);
			name = "[CP] Check Pods Manifest.lock";
			outputPaths = (
				"$(DERIVED_FILE_DIR)/Pods-rainyshinycloudyapp-checkManifestLockResult.txt",
			);
			runOnlyForDeploymentPostprocessing = 0;
			shellPath = /bin/sh;
			shellScript = "diff \"${PODS_PODFILE_DIR_PATH}/Podfile.lock\" \"${PODS_ROOT}/Manifest.lock\" > /dev/null\nif [ $? != 0 ] ; then\n    # print error to STDERR\n    echo \"error: The sandbox is not in sync with the Podfile.lock. Run 'pod install' or update your CocoaPods installation.\" >&2\n    exit 1\nfi\n# This output is used by Xcode 'outputs' to avoid re-running this script phase.\necho \"SUCCESS\" > \"${SCRIPT_OUTPUT_FILE_0}\"\n";
			showEnvVarsInLog = 0;
		};
		8227217EB2731D66DCCB706C /* [CP] Embed Pods Frameworks */ = {
			isa = PBXShellScriptBuildPhase;
			buildActionMask = 2147483647;
			files = (
			);
			inputPaths = (
				"${SRCROOT}/Pods/Target Support Files/Pods-rainyshinycloudyapp/Pods-rainyshinycloudyapp-frameworks.sh",
				"${BUILT_PRODUCTS_DIR}/Alamofire/Alamofire.framework",
				"${BUILT_PRODUCTS_DIR}/ChameleonFramework/ChameleonFramework.framework",
				"${BUILT_PRODUCTS_DIR}/SwiftyJSON/SwiftyJSON.framework",
			);
			name = "[CP] Embed Pods Frameworks";
			outputPaths = (
				"${TARGET_BUILD_DIR}/${FRAMEWORKS_FOLDER_PATH}/Alamofire.framework",
				"${TARGET_BUILD_DIR}/${FRAMEWORKS_FOLDER_PATH}/ChameleonFramework.framework",
				"${TARGET_BUILD_DIR}/${FRAMEWORKS_FOLDER_PATH}/SwiftyJSON.framework",
			);
			runOnlyForDeploymentPostprocessing = 0;
			shellPath = /bin/sh;
			shellScript = "\"${SRCROOT}/Pods/Target Support Files/Pods-rainyshinycloudyapp/Pods-rainyshinycloudyapp-frameworks.sh\"\n";
			showEnvVarsInLog = 0;
		};
/* End PBXShellScriptBuildPhase section */

/* Begin PBXSourcesBuildPhase section */
		17879A62214884D300B19A84 /* Sources */ = {
			isa = PBXSourcesBuildPhase;
			buildActionMask = 2147483647;
			files = (
				17E738522182B1090088FE07 /* ForecastDataModel.swift in Sources */,
				17879A6C214884D300B19A84 /* ViewController.swift in Sources */,
				17E1A412214AE56F004E1173 /* CurrentWeatherDataModel.swift in Sources */,
				17879A6A214884D300B19A84 /* AppDelegate.swift in Sources */,
			);
			runOnlyForDeploymentPostprocessing = 0;
		};
/* End PBXSourcesBuildPhase section */

/* Begin PBXVariantGroup section */
		17879A6D214884D300B19A84 /* Main.storyboard */ = {
			isa = PBXVariantGroup;
			children = (
				17879A6E214884D300B19A84 /* Base */,
			);
			name = Main.storyboard;
			sourceTree = "<group>";
		};
		17879A72214884D500B19A84 /* LaunchScreen.storyboard */ = {
			isa = PBXVariantGroup;
			children = (
				17879A73214884D500B19A84 /* Base */,
			);
			name = LaunchScreen.storyboard;
			sourceTree = "<group>";
		};
/* End PBXVariantGroup section */

/* Begin XCBuildConfiguration section */
		17879A76214884D500B19A84 /* Debug */ = {
			isa = XCBuildConfiguration;
			buildSettings = {
				ALWAYS_SEARCH_USER_PATHS = NO;
				CLANG_ANALYZER_NONNULL = YES;
				CLANG_ANALYZER_NUMBER_OBJECT_CONVERSION = YES_AGGRESSIVE;
				CLANG_CXX_LANGUAGE_STANDARD = "gnu++14";
				CLANG_CXX_LIBRARY = "libc++";
				CLANG_ENABLE_MODULES = YES;
				CLANG_ENABLE_OBJC_ARC = YES;
				CLANG_ENABLE_OBJC_WEAK = YES;
				CLANG_WARN_BLOCK_CAPTURE_AUTORELEASING = YES;
				CLANG_WARN_BOOL_CONVERSION = YES;
				CLANG_WARN_COMMA = YES;
				CLANG_WARN_CONSTANT_CONVERSION = YES;
				CLANG_WARN_DEPRECATED_OBJC_IMPLEMENTATIONS = YES;
				CLANG_WARN_DIRECT_OBJC_ISA_USAGE = YES_ERROR;
				CLANG_WARN_DOCUMENTATION_COMMENTS = YES;
				CLANG_WARN_EMPTY_BODY = YES;
				CLANG_WARN_ENUM_CONVERSION = YES;
				CLANG_WARN_INFINITE_RECURSION = YES;
				CLANG_WARN_INT_CONVERSION = YES;
				CLANG_WARN_NON_LITERAL_NULL_CONVERSION = YES;
				CLANG_WARN_OBJC_IMPLICIT_RETAIN_SELF = YES;
				CLANG_WARN_OBJC_LITERAL_CONVERSION = YES;
				CLANG_WARN_OBJC_ROOT_CLASS = YES_ERROR;
				CLANG_WARN_RANGE_LOOP_ANALYSIS = YES;
				CLANG_WARN_STRICT_PROTOTYPES = YES;
				CLANG_WARN_SUSPICIOUS_MOVE = YES;
				CLANG_WARN_UNGUARDED_AVAILABILITY = YES_AGGRESSIVE;
				CLANG_WARN_UNREACHABLE_CODE = YES;
				CLANG_WARN__DUPLICATE_METHOD_MATCH = YES;
				CODE_SIGN_IDENTITY = "iPhone Developer";
				COPY_PHASE_STRIP = NO;
				DEBUG_INFORMATION_FORMAT = dwarf;
				ENABLE_STRICT_OBJC_MSGSEND = YES;
				ENABLE_TESTABILITY = YES;
				GCC_C_LANGUAGE_STANDARD = gnu11;
				GCC_DYNAMIC_NO_PIC = NO;
				GCC_NO_COMMON_BLOCKS = YES;
				GCC_OPTIMIZATION_LEVEL = 0;
				GCC_PREPROCESSOR_DEFINITIONS = (
					"DEBUG=1",
					"$(inherited)",
				);
				GCC_WARN_64_TO_32_BIT_CONVERSION = YES;
				GCC_WARN_ABOUT_RETURN_TYPE = YES_ERROR;
				GCC_WARN_UNDECLARED_SELECTOR = YES;
				GCC_WARN_UNINITIALIZED_AUTOS = YES_AGGRESSIVE;
				GCC_WARN_UNUSED_FUNCTION = YES;
				GCC_WARN_UNUSED_VARIABLE = YES;
				IPHONEOS_DEPLOYMENT_TARGET = 11.4;
				MTL_ENABLE_DEBUG_INFO = YES;
				ONLY_ACTIVE_ARCH = YES;
				SDKROOT = iphoneos;
				SWIFT_ACTIVE_COMPILATION_CONDITIONS = DEBUG;
				SWIFT_OPTIMIZATION_LEVEL = "-Onone";
			};
			name = Debug;
		};
		17879A77214884D500B19A84 /* Release */ = {
			isa = XCBuildConfiguration;
			buildSettings = {
				ALWAYS_SEARCH_USER_PATHS = NO;
				CLANG_ANALYZER_NONNULL = YES;
				CLANG_ANALYZER_NUMBER_OBJECT_CONVERSION = YES_AGGRESSIVE;
				CLANG_CXX_LANGUAGE_STANDARD = "gnu++14";
				CLANG_CXX_LIBRARY = "libc++";
				CLANG_ENABLE_MODULES = YES;
				CLANG_ENABLE_OBJC_ARC = YES;
				CLANG_ENABLE_OBJC_WEAK = YES;
				CLANG_WARN_BLOCK_CAPTURE_AUTORELEASING = YES;
				CLANG_WARN_BOOL_CONVERSION = YES;
				CLANG_WARN_COMMA = YES;
				CLANG_WARN_CONSTANT_CONVERSION = YES;
				CLANG_WARN_DEPRECATED_OBJC_IMPLEMENTATIONS = YES;
				CLANG_WARN_DIRECT_OBJC_ISA_USAGE = YES_ERROR;
				CLANG_WARN_DOCUMENTATION_COMMENTS = YES;
				CLANG_WARN_EMPTY_BODY = YES;
				CLANG_WARN_ENUM_CONVERSION = YES;
				CLANG_WARN_INFINITE_RECURSION = YES;
				CLANG_WARN_INT_CONVERSION = YES;
				CLANG_WARN_NON_LITERAL_NULL_CONVERSION = YES;
				CLANG_WARN_OBJC_IMPLICIT_RETAIN_SELF = YES;
				CLANG_WARN_OBJC_LITERAL_CONVERSION = YES;
				CLANG_WARN_OBJC_ROOT_CLASS = YES_ERROR;
				CLANG_WARN_RANGE_LOOP_ANALYSIS = YES;
				CLANG_WARN_STRICT_PROTOTYPES = YES;
				CLANG_WARN_SUSPICIOUS_MOVE = YES;
				CLANG_WARN_UNGUARDED_AVAILABILITY = YES_AGGRESSIVE;
				CLANG_WARN_UNREACHABLE_CODE = YES;
				CLANG_WARN__DUPLICATE_METHOD_MATCH = YES;
				CODE_SIGN_IDENTITY = "iPhone Developer";
				COPY_PHASE_STRIP = NO;
				DEBUG_INFORMATION_FORMAT = "dwarf-with-dsym";
				ENABLE_NS_ASSERTIONS = NO;
				ENABLE_STRICT_OBJC_MSGSEND = YES;
				GCC_C_LANGUAGE_STANDARD = gnu11;
				GCC_NO_COMMON_BLOCKS = YES;
				GCC_WARN_64_TO_32_BIT_CONVERSION = YES;
				GCC_WARN_ABOUT_RETURN_TYPE = YES_ERROR;
				GCC_WARN_UNDECLARED_SELECTOR = YES;
				GCC_WARN_UNINITIALIZED_AUTOS = YES_AGGRESSIVE;
				GCC_WARN_UNUSED_FUNCTION = YES;
				GCC_WARN_UNUSED_VARIABLE = YES;
				IPHONEOS_DEPLOYMENT_TARGET = 11.4;
				MTL_ENABLE_DEBUG_INFO = NO;
				SDKROOT = iphoneos;
				SWIFT_COMPILATION_MODE = wholemodule;
				SWIFT_OPTIMIZATION_LEVEL = "-O";
				VALIDATE_PRODUCT = YES;
			};
			name = Release;
		};
		17879A79214884D500B19A84 /* Debug */ = {
			isa = XCBuildConfiguration;
			baseConfigurationReference = 11F20881B0E9E62B8C40FF8F /* Pods-rainyshinycloudyapp.debug.xcconfig */;
			buildSettings = {
				ASSETCATALOG_COMPILER_APPICON_NAME = AppIcon;
				CODE_SIGN_STYLE = Automatic;
				DEVELOPMENT_TEAM = WDXAZPK6JS;
				INFOPLIST_FILE = rainyshinycloudyapp/Info.plist;
				LD_RUNPATH_SEARCH_PATHS = (
					"$(inherited)",
					"@executable_path/Frameworks",
				);
				PRODUCT_BUNDLE_IDENTIFIER = com.jenny.rainyshinycloudyapp;
				PRODUCT_NAME = "$(TARGET_NAME)";
				SWIFT_VERSION = 4.0;
				TARGETED_DEVICE_FAMILY = "1,2";
			};
			name = Debug;
		};
		17879A7A214884D500B19A84 /* Release */ = {
			isa = XCBuildConfiguration;
			baseConfigurationReference = D7B4CC2FBEC13C78C80614FE /* Pods-rainyshinycloudyapp.release.xcconfig */;
			buildSettings = {
				ASSETCATALOG_COMPILER_APPICON_NAME = AppIcon;
				CODE_SIGN_STYLE = Automatic;
				DEVELOPMENT_TEAM = WDXAZPK6JS;
				INFOPLIST_FILE = rainyshinycloudyapp/Info.plist;
				LD_RUNPATH_SEARCH_PATHS = (
					"$(inherited)",
					"@executable_path/Frameworks",
				);
				PRODUCT_BUNDLE_IDENTIFIER = com.jenny.rainyshinycloudyapp;
				PRODUCT_NAME = "$(TARGET_NAME)";
				SWIFT_VERSION = 4.0;
				TARGETED_DEVICE_FAMILY = "1,2";
			};
			name = Release;
		};
/* End XCBuildConfiguration section */

/* Begin XCConfigurationList section */
		17879A61214884D300B19A84 /* Build configuration list for PBXProject "rainyshinycloudyapp" */ = {
			isa = XCConfigurationList;
			buildConfigurations = (
				17879A76214884D500B19A84 /* Debug */,
				17879A77214884D500B19A84 /* Release */,
			);
			defaultConfigurationIsVisible = 0;
			defaultConfigurationName = Release;
		};
		17879A78214884D500B19A84 /* Build configuration list for PBXNativeTarget "rainyshinycloudyapp" */ = {
			isa = XCConfigurationList;
			buildConfigurations = (
				17879A79214884D500B19A84 /* Debug */,
				17879A7A214884D500B19A84 /* Release */,
			);
			defaultConfigurationIsVisible = 0;
			defaultConfigurationName = Release;
		};
/* End XCConfigurationList section */
	};
	rootObject = 17879A5E214884D300B19A84 /* Project object */;
}
